
Microsoft Visual Studio Solution File, Format Version 12.00
# Visual Studio Version 17
VisualStudioVersion = 17.1.32328.378
MinimumVisualStudioVersion = 10.0.40219.1
Project("{9A19103F-16F7-4668-BE54-9A1E7A4F7556}") = "ProductService", "ProductService.csproj", "{EF5B6607-0928-4A3D-96BB-1134C9A56260}"
EndProject
Global
	GlobalSection(SolutionConfigurationPlatforms) = preSolution
		Debug|Any CPU = Debug|Any CPU
		Release|Any CPU = Release|Any CPU
	EndGlobalSection
	GlobalSection(ProjectConfigurationPlatforms) = postSolution
		{EF5B6607-0928-4A3D-96BB-1134C9A56260}.Debug|Any CPU.ActiveCfg = Debug|Any CPU
		{EF5B6607-0928-4A3D-96BB-1134C9A56260}.Debug|Any CPU.Build.0 = Debug|Any CPU
		{EF5B6607-0928-4A3D-96BB-1134C9A56260}.Release|Any CPU.ActiveCfg = Release|Any CPU
		{EF5B6607-0928-4A3D-96BB-1134C9A56260}.Release|Any CPU.Build.0 = Release|Any CPU
	EndGlobalSection
	GlobalSection(SolutionProperties) = preSolution
		HideSolutionNode = FALSE
	EndGlobalSection
	GlobalSection(ExtensibilityGlobals) = postSolution
		SolutionGuid = {6B17A7DA-88B2-4B4D-8CFF-7153E4B0C412}
	EndGlobalSection
EndGlobal
