
Microsoft Visual Studio Solution File, Format Version 12.00
# Visual Studio Version 17
VisualStudioVersion = 17.1.32328.378
MinimumVisualStudioVersion = 10.0.40219.1
Project("{9A19103F-16F7-4668-BE54-9A1E7A4F7556}") = "UserService", "UserService.csproj", "{18429B30-BC5F-49D3-B29A-412534E55012}"
EndProject
Global
	GlobalSection(SolutionConfigurationPlatforms) = preSolution
		Debug|Any CPU = Debug|Any CPU
		Release|Any CPU = Release|Any CPU
	EndGlobalSection
	GlobalSection(ProjectConfigurationPlatforms) = postSolution
		{18429B30-BC5F-49D3-B29A-412534E55012}.Debug|Any CPU.ActiveCfg = Debug|Any CPU
		{18429B30-BC5F-49D3-B29A-412534E55012}.Debug|Any CPU.Build.0 = Debug|Any CPU
		{18429B30-BC5F-49D3-B29A-412534E55012}.Release|Any CPU.ActiveCfg = Release|Any CPU
		{18429B30-BC5F-49D3-B29A-412534E55012}.Release|Any CPU.Build.0 = Release|Any CPU
	EndGlobalSection
	GlobalSection(SolutionProperties) = preSolution
		HideSolutionNode = FALSE
	EndGlobalSection
	GlobalSection(ExtensibilityGlobals) = postSolution
		SolutionGuid = {563BDD0A-01EC-4A5F-86E3-2A7FB0FFD8DF}
	EndGlobalSection
EndGlobal
